
Microsoft Visual Studio Solution File, Format Version 12.00
# Visual Studio 2012
Project("{FAE04EC0-301F-11D3-BF4B-00C04F79EFBC}") = "TwilioXamarin", "TwilioXamarin\TwilioXamarin.csproj", "{43205AA6-BA8D-4A41-B220-B4A247D45E2E}"
EndProject
Global
	GlobalSection(SolutionConfigurationPlatforms) = preSolution
		Debug|Any CPU = Debug|Any CPU
		Release|Any CPU = Release|Any CPU
	EndGlobalSection
	GlobalSection(ProjectConfigurationPlatforms) = postSolution
		{43205AA6-BA8D-4A41-B220-B4A247D45E2E}.Debug|Any CPU.ActiveCfg = Debug|Any CPU
		{43205AA6-BA8D-4A41-B220-B4A247D45E2E}.Debug|Any CPU.Build.0 = Debug|Any CPU
		{43205AA6-BA8D-4A41-B220-B4A247D45E2E}.Release|Any CPU.ActiveCfg = Release|Any CPU
		{43205AA6-BA8D-4A41-B220-B4A247D45E2E}.Release|Any CPU.Build.0 = Release|Any CPU
	EndGlobalSection
EndGlobal
